// !$*UTF8*$!
{
	archiveVersion = 1;
	classes = {
	};
	objectVersion = 55;
	objects = {

/* Begin PBXBuildFile section */
		4C184F892842C2CB00E5E819 /* CambridgeDictionaryDataParser.swift in Sources */ = {isa = PBXBuildFile; fileRef = 4C184F882842C2CB00E5E819 /* CambridgeDictionaryDataParser.swift */; };
		4C569C4F2842328000E7E4B1 /* DefinitionSection.swift in Sources */ = {isa = PBXBuildFile; fileRef = 4C569C4E2842328000E7E4B1 /* DefinitionSection.swift */; };
		4C58BC5C2838E95100438188 /* InterpreteApp.swift in Sources */ = {isa = PBXBuildFile; fileRef = 4C58BC5B2838E95100438188 /* InterpreteApp.swift */; };
		4C58BC5E2838E95100438188 /* ContentView.swift in Sources */ = {isa = PBXBuildFile; fileRef = 4C58BC5D2838E95100438188 /* ContentView.swift */; };
		4C58BC602838E95400438188 /* Assets.xcassets in Resources */ = {isa = PBXBuildFile; fileRef = 4C58BC5F2838E95400438188 /* Assets.xcassets */; };
		4C58BC632838E95400438188 /* Preview Assets.xcassets in Resources */ = {isa = PBXBuildFile; fileRef = 4C58BC622838E95400438188 /* Preview Assets.xcassets */; };
		4C58BC6B2838EA8E00438188 /* DictionaryComDataParser.swift in Sources */ = {isa = PBXBuildFile; fileRef = 4C58BC6A2838EA8E00438188 /* DictionaryComDataParser.swift */; };
		4C58BC6E2838EC9800438188 /* SwiftSoup in Frameworks */ = {isa = PBXBuildFile; productRef = 4C58BC6D2838EC9800438188 /* SwiftSoup */; };
		4C58BC712838FEF300438188 /* ViewModifiers.swift in Sources */ = {isa = PBXBuildFile; fileRef = 4C58BC702838FEF300438188 /* ViewModifiers.swift */; };
		4C6C2BC0283CB95100D643BB /* TranslatorDataParser.swift in Sources */ = {isa = PBXBuildFile; fileRef = 4C6C2BBF283CB95100D643BB /* TranslatorDataParser.swift */; };
/* End PBXBuildFile section */

/* Begin PBXFileReference section */
		4C184F882842C2CB00E5E819 /* CambridgeDictionaryDataParser.swift */ = {isa = PBXFileReference; lastKnownFileType = sourcecode.swift; path = CambridgeDictionaryDataParser.swift; sourceTree = SOURCE_ROOT; };
		4C569C4E2842328000E7E4B1 /* DefinitionSection.swift */ = {isa = PBXFileReference; lastKnownFileType = sourcecode.swift; path = DefinitionSection.swift; sourceTree = "<group>"; };
		4C58BC582838E95100438188 /* Interprete.app */ = {isa = PBXFileReference; explicitFileType = wrapper.application; includeInIndex = 0; path = Interprete.app; sourceTree = BUILT_PRODUCTS_DIR; };
		4C58BC5B2838E95100438188 /* InterpreteApp.swift */ = {isa = PBXFileReference; lastKnownFileType = sourcecode.swift; path = InterpreteApp.swift; sourceTree = "<group>"; };
		4C58BC5D2838E95100438188 /* ContentView.swift */ = {isa = PBXFileReference; lastKnownFileType = sourcecode.swift; path = ContentView.swift; sourceTree = "<group>"; };
		4C58BC5F2838E95400438188 /* Assets.xcassets */ = {isa = PBXFileReference; lastKnownFileType = folder.assetcatalog; path = Assets.xcassets; sourceTree = "<group>"; };
		4C58BC622838E95400438188 /* Preview Assets.xcassets */ = {isa = PBXFileReference; lastKnownFileType = folder.assetcatalog; path = "Preview Assets.xcassets"; sourceTree = "<group>"; };
		4C58BC642838E95400438188 /* Interprete.entitlements */ = {isa = PBXFileReference; lastKnownFileType = text.plist.entitlements; path = Interprete.entitlements; sourceTree = "<group>"; };
		4C58BC6A2838EA8E00438188 /* DictionaryComDataParser.swift */ = {isa = PBXFileReference; lastKnownFileType = sourcecode.swift; path = DictionaryComDataParser.swift; sourceTree = "<group>"; };
		4C58BC6F2838EEC600438188 /* Info.plist */ = {isa = PBXFileReference; lastKnownFileType = text.plist; path = Info.plist; sourceTree = "<group>"; };
		4C58BC702838FEF300438188 /* ViewModifiers.swift */ = {isa = PBXFileReference; lastKnownFileType = sourcecode.swift; path = ViewModifiers.swift; sourceTree = "<group>"; };
		4C6C2BBF283CB95100D643BB /* TranslatorDataParser.swift */ = {isa = PBXFileReference; lastKnownFileType = sourcecode.swift; path = TranslatorDataParser.swift; sourceTree = "<group>"; };
/* End PBXFileReference section */

/* Begin PBXFrameworksBuildPhase section */
		4C58BC552838E95100438188 /* Frameworks */ = {
			isa = PBXFrameworksBuildPhase;
			buildActionMask = 2147483647;
			files = (
				4C58BC6E2838EC9800438188 /* SwiftSoup in Frameworks */,
			);
			runOnlyForDeploymentPostprocessing = 0;
		};
/* End PBXFrameworksBuildPhase section */

/* Begin PBXGroup section */
		4C58BC4F2838E95100438188 = {
			isa = PBXGroup;
			children = (
				4C58BC5A2838E95100438188 /* Interprete */,
				4C58BC592838E95100438188 /* Products */,
			);
			sourceTree = "<group>";
		};
		4C58BC592838E95100438188 /* Products */ = {
			isa = PBXGroup;
			children = (
				4C58BC582838E95100438188 /* Interprete.app */,
			);
			name = Products;
			sourceTree = "<group>";
		};
		4C58BC5A2838E95100438188 /* Interprete */ = {
			isa = PBXGroup;
			children = (
				4C184F882842C2CB00E5E819 /* CambridgeDictionaryDataParser.swift */,
				4C58BC6F2838EEC600438188 /* Info.plist */,
				4C58BC5B2838E95100438188 /* InterpreteApp.swift */,
				4C58BC5D2838E95100438188 /* ContentView.swift */,
				4C569C4E2842328000E7E4B1 /* DefinitionSection.swift */,
				4C58BC702838FEF300438188 /* ViewModifiers.swift */,
				4C58BC6A2838EA8E00438188 /* DictionaryComDataParser.swift */,
				4C6C2BBF283CB95100D643BB /* TranslatorDataParser.swift */,
				4C58BC5F2838E95400438188 /* Assets.xcassets */,
				4C58BC642838E95400438188 /* Interprete.entitlements */,
				4C58BC612838E95400438188 /* Preview Content */,
			);
			path = Interprete;
			sourceTree = "<group>";
		};
		4C58BC612838E95400438188 /* Preview Content */ = {
			isa = PBXGroup;
			children = (
				4C58BC622838E95400438188 /* Preview Assets.xcassets */,
			);
			path = "Preview Content";
			sourceTree = "<group>";
		};
/* End PBXGroup section */

/* Begin PBXNativeTarget section */
		4C58BC572838E95100438188 /* Interprete */ = {
			isa = PBXNativeTarget;
			buildConfigurationList = 4C58BC672838E95400438188 /* Build configuration list for PBXNativeTarget "Interprete" */;
			buildPhases = (
				4C58BC542838E95100438188 /* Sources */,
				4C58BC552838E95100438188 /* Frameworks */,
				4C58BC562838E95100438188 /* Resources */,
			);
			buildRules = (
			);
			dependencies = (
			);
			name = Interprete;
			packageProductDependencies = (
				4C58BC6D2838EC9800438188 /* SwiftSoup */,
			);
			productName = Interprete;
			productReference = 4C58BC582838E95100438188 /* Interprete.app */;
			productType = "com.apple.product-type.application";
		};
/* End PBXNativeTarget section */

/* Begin PBXProject section */
		4C58BC502838E95100438188 /* Project object */ = {
			isa = PBXProject;
			attributes = {
				BuildIndependentTargetsInParallel = 1;
				LastSwiftUpdateCheck = 1340;
				LastUpgradeCheck = 1340;
				TargetAttributes = {
					4C58BC572838E95100438188 = {
						CreatedOnToolsVersion = 13.4;
					};
				};
			};
			buildConfigurationList = 4C58BC532838E95100438188 /* Build configuration list for PBXProject "Interprete" */;
			compatibilityVersion = "Xcode 13.0";
			developmentRegion = en;
			hasScannedForEncodings = 0;
			knownRegions = (
				en,
				Base,
			);
			mainGroup = 4C58BC4F2838E95100438188;
			packageReferences = (
				4C58BC6C2838EC9800438188 /* XCRemoteSwiftPackageReference "SwiftSoup" */,
			);
			productRefGroup = 4C58BC592838E95100438188 /* Products */;
			projectDirPath = "";
			projectRoot = "";
			targets = (
				4C58BC572838E95100438188 /* Interprete */,
			);
		};
/* End PBXProject section */

/* Begin PBXResourcesBuildPhase section */
		4C58BC562838E95100438188 /* Resources */ = {
			isa = PBXResourcesBuildPhase;
			buildActionMask = 2147483647;
			files = (
				4C58BC632838E95400438188 /* Preview Assets.xcassets in Resources */,
				4C58BC602838E95400438188 /* Assets.xcassets in Resources */,
			);
			runOnlyForDeploymentPostprocessing = 0;
		};
/* End PBXResourcesBuildPhase section */

/* Begin PBXSourcesBuildPhase section */
		4C58BC542838E95100438188 /* Sources */ = {
			isa = PBXSourcesBuildPhase;
			buildActionMask = 2147483647;
			files = (
				4C58BC5E2838E95100438188 /* ContentView.swift in Sources */,
				4C58BC5C2838E95100438188 /* InterpreteApp.swift in Sources */,
				4C569C4F2842328000E7E4B1 /* DefinitionSection.swift in Sources */,
				4C6C2BC0283CB95100D643BB /* TranslatorDataParser.swift in Sources */,
				4C58BC6B2838EA8E00438188 /* DictionaryComDataParser.swift in Sources */,
				4C184F892842C2CB00E5E819 /* CambridgeDictionaryDataParser.swift in Sources */,
				4C58BC712838FEF300438188 /* ViewModifiers.swift in Sources */,
			);
			runOnlyForDeploymentPostprocessing = 0;
		};
/* End PBXSourcesBuildPhase section */

/* Begin XCBuildConfiguration section */
		4C58BC652838E95400438188 /* Debug */ = {
			isa = XCBuildConfiguration;
			buildSettings = {
				ALWAYS_SEARCH_USER_PATHS = NO;
				CLANG_ANALYZER_NONNULL = YES;
				CLANG_ANALYZER_NUMBER_OBJECT_CONVERSION = YES_AGGRESSIVE;
				CLANG_CXX_LANGUAGE_STANDARD = "gnu++17";
				CLANG_ENABLE_MODULES = YES;
				CLANG_ENABLE_OBJC_ARC = YES;
				CLANG_ENABLE_OBJC_WEAK = YES;
				CLANG_WARN_BLOCK_CAPTURE_AUTORELEASING = YES;
				CLANG_WARN_BOOL_CONVERSION = YES;
				CLANG_WARN_COMMA = YES;
				CLANG_WARN_CONSTANT_CONVERSION = YES;
				CLANG_WARN_DEPRECATED_OBJC_IMPLEMENTATIONS = YES;
				CLANG_WARN_DIRECT_OBJC_ISA_USAGE = YES_ERROR;
				CLANG_WARN_DOCUMENTATION_COMMENTS = YES;
				CLANG_WARN_EMPTY_BODY = YES;
				CLANG_WARN_ENUM_CONVERSION = YES;
				CLANG_WARN_INFINITE_RECURSION = YES;
				CLANG_WARN_INT_CONVERSION = YES;
				CLANG_WARN_NON_LITERAL_NULL_CONVERSION = YES;
				CLANG_WARN_OBJC_IMPLICIT_RETAIN_SELF = YES;
				CLANG_WARN_OBJC_LITERAL_CONVERSION = YES;
				CLANG_WARN_OBJC_ROOT_CLASS = YES_ERROR;
				CLANG_WARN_QUOTED_INCLUDE_IN_FRAMEWORK_HEADER = YES;
				CLANG_WARN_RANGE_LOOP_ANALYSIS = YES;
				CLANG_WARN_STRICT_PROTOTYPES = YES;
				CLANG_WARN_SUSPICIOUS_MOVE = YES;
				CLANG_WARN_UNGUARDED_AVAILABILITY = YES_AGGRESSIVE;
				CLANG_WARN_UNREACHABLE_CODE = YES;
				CLANG_WARN__DUPLICATE_METHOD_MATCH = YES;
				COPY_PHASE_STRIP = NO;
				DEBUG_INFORMATION_FORMAT = dwarf;
				ENABLE_STRICT_OBJC_MSGSEND = YES;
				ENABLE_TESTABILITY = YES;
				GCC_C_LANGUAGE_STANDARD = gnu11;
				GCC_DYNAMIC_NO_PIC = NO;
				GCC_NO_COMMON_BLOCKS = YES;
				GCC_OPTIMIZATION_LEVEL = 0;
				GCC_PREPROCESSOR_DEFINITIONS = (
					"DEBUG=1",
					"$(inherited)",
				);
				GCC_WARN_64_TO_32_BIT_CONVERSION = YES;
				GCC_WARN_ABOUT_RETURN_TYPE = YES_ERROR;
				GCC_WARN_UNDECLARED_SELECTOR = YES;
				GCC_WARN_UNINITIALIZED_AUTOS = YES_AGGRESSIVE;
				GCC_WARN_UNUSED_FUNCTION = YES;
				GCC_WARN_UNUSED_VARIABLE = YES;
				MACOSX_DEPLOYMENT_TARGET = 12.3;
				MTL_ENABLE_DEBUG_INFO = INCLUDE_SOURCE;
				MTL_FAST_MATH = YES;
				ONLY_ACTIVE_ARCH = YES;
				SDKROOT = macosx;
				SWIFT_ACTIVE_COMPILATION_CONDITIONS = DEBUG;
				SWIFT_OPTIMIZATION_LEVEL = "-Onone";
			};
			name = Debug;
		};
		4C58BC662838E95400438188 /* Release */ = {
			isa = XCBuildConfiguration;
			buildSettings = {
				ALWAYS_SEARCH_USER_PATHS = NO;
				CLANG_ANALYZER_NONNULL = YES;
				CLANG_ANALYZER_NUMBER_OBJECT_CONVERSION = YES_AGGRESSIVE;
				CLANG_CXX_LANGUAGE_STANDARD = "gnu++17";
				CLANG_ENABLE_MODULES = YES;
				CLANG_ENABLE_OBJC_ARC = YES;
				CLANG_ENABLE_OBJC_WEAK = YES;
				CLANG_WARN_BLOCK_CAPTURE_AUTORELEASING = YES;
				CLANG_WARN_BOOL_CONVERSION = YES;
				CLANG_WARN_COMMA = YES;
				CLANG_WARN_CONSTANT_CONVERSION = YES;
				CLANG_WARN_DEPRECATED_OBJC_IMPLEMENTATIONS = YES;
				CLANG_WARN_DIRECT_OBJC_ISA_USAGE = YES_ERROR;
				CLANG_WARN_DOCUMENTATION_COMMENTS = YES;
				CLANG_WARN_EMPTY_BODY = YES;
				CLANG_WARN_ENUM_CONVERSION = YES;
				CLANG_WARN_INFINITE_RECURSION = YES;
				CLANG_WARN_INT_CONVERSION = YES;
				CLANG_WARN_NON_LITERAL_NULL_CONVERSION = YES;
				CLANG_WARN_OBJC_IMPLICIT_RETAIN_SELF = YES;
				CLANG_WARN_OBJC_LITERAL_CONVERSION = YES;
				CLANG_WARN_OBJC_ROOT_CLASS = YES_ERROR;
				CLANG_WARN_QUOTED_INCLUDE_IN_FRAMEWORK_HEADER = YES;
				CLANG_WARN_RANGE_LOOP_ANALYSIS = YES;
				CLANG_WARN_STRICT_PROTOTYPES = YES;
				CLANG_WARN_SUSPICIOUS_MOVE = YES;
				CLANG_WARN_UNGUARDED_AVAILABILITY = YES_AGGRESSIVE;
				CLANG_WARN_UNREACHABLE_CODE = YES;
				CLANG_WARN__DUPLICATE_METHOD_MATCH = YES;
				COPY_PHASE_STRIP = NO;
				DEBUG_INFORMATION_FORMAT = "dwarf-with-dsym";
				ENABLE_NS_ASSERTIONS = NO;
				ENABLE_STRICT_OBJC_MSGSEND = YES;
				GCC_C_LANGUAGE_STANDARD = gnu11;
				GCC_NO_COMMON_BLOCKS = YES;
				GCC_WARN_64_TO_32_BIT_CONVERSION = YES;
				GCC_WARN_ABOUT_RETURN_TYPE = YES_ERROR;
				GCC_WARN_UNDECLARED_SELECTOR = YES;
				GCC_WARN_UNINITIALIZED_AUTOS = YES_AGGRESSIVE;
				GCC_WARN_UNUSED_FUNCTION = YES;
				GCC_WARN_UNUSED_VARIABLE = YES;
				MACOSX_DEPLOYMENT_TARGET = 12.3;
				MTL_ENABLE_DEBUG_INFO = NO;
				MTL_FAST_MATH = YES;
				SDKROOT = macosx;
				SWIFT_COMPILATION_MODE = wholemodule;
				SWIFT_OPTIMIZATION_LEVEL = "-O";
			};
			name = Release;
		};
		4C58BC682838E95400438188 /* Debug */ = {
			isa = XCBuildConfiguration;
			buildSettings = {
				ASSETCATALOG_COMPILER_APPICON_NAME = AppIcon;
				ASSETCATALOG_COMPILER_GLOBAL_ACCENT_COLOR_NAME = AccentColor;
				CODE_SIGN_ENTITLEMENTS = Interprete/Interprete.entitlements;
				CODE_SIGN_STYLE = Automatic;
				COMBINE_HIDPI_IMAGES = YES;
				CURRENT_PROJECT_VERSION = 1;
				DEVELOPMENT_ASSET_PATHS = "\"Interprete/Preview Content\"";
				DEVELOPMENT_TEAM = Q3P95MDH6Q;
				ENABLE_HARDENED_RUNTIME = YES;
				ENABLE_PREVIEWS = YES;
				GENERATE_INFOPLIST_FILE = YES;
				INFOPLIST_FILE = Interprete/Info.plist;
				INFOPLIST_KEY_NSHumanReadableCopyright = "";
				LD_RUNPATH_SEARCH_PATHS = (
					"$(inherited)",
					"@executable_path/../Frameworks",
				);
				MARKETING_VERSION = 1.0;
				PRODUCT_BUNDLE_IDENTIFIER = none.Interprete;
				PRODUCT_NAME = "$(TARGET_NAME)";
				SWIFT_EMIT_LOC_STRINGS = YES;
				SWIFT_VERSION = 5.0;
			};
			name = Debug;
		};
		4C58BC692838E95400438188 /* Release */ = {
			isa = XCBuildConfiguration;
			buildSettings = {
				ASSETCATALOG_COMPILER_APPICON_NAME = AppIcon;
				ASSETCATALOG_COMPILER_GLOBAL_ACCENT_COLOR_NAME = AccentColor;
				CODE_SIGN_ENTITLEMENTS = Interprete/Interprete.entitlements;
				CODE_SIGN_STYLE = Automatic;
				COMBINE_HIDPI_IMAGES = YES;
				CURRENT_PROJECT_VERSION = 1;
				DEVELOPMENT_ASSET_PATHS = "\"Interprete/Preview Content\"";
				DEVELOPMENT_TEAM = Q3P95MDH6Q;
				ENABLE_HARDENED_RUNTIME = YES;
				ENABLE_PREVIEWS = YES;
				GENERATE_INFOPLIST_FILE = YES;
				INFOPLIST_FILE = Interprete/Info.plist;
				INFOPLIST_KEY_NSHumanReadableCopyright = "";
				LD_RUNPATH_SEARCH_PATHS = (
					"$(inherited)",
					"@executable_path/../Frameworks",
				);
				MARKETING_VERSION = 1.0;
				PRODUCT_BUNDLE_IDENTIFIER = none.Interprete;
				PRODUCT_NAME = "$(TARGET_NAME)";
				SWIFT_EMIT_LOC_STRINGS = YES;
				SWIFT_VERSION = 5.0;
			};
			name = Release;
		};
/* End XCBuildConfiguration section */

/* Begin XCConfigurationList section */
		4C58BC532838E95100438188 /* Build configuration list for PBXProject "Interprete" */ = {
			isa = XCConfigurationList;
			buildConfigurations = (
				4C58BC652838E95400438188 /* Debug */,
				4C58BC662838E95400438188 /* Release */,
			);
			defaultConfigurationIsVisible = 0;
			defaultConfigurationName = Release;
		};
		4C58BC672838E95400438188 /* Build configuration list for PBXNativeTarget "Interprete" */ = {
			isa = XCConfigurationList;
			buildConfigurations = (
				4C58BC682838E95400438188 /* Debug */,
				4C58BC692838E95400438188 /* Release */,
			);
			defaultConfigurationIsVisible = 0;
			defaultConfigurationName = Release;
		};
/* End XCConfigurationList section */

/* Begin XCRemoteSwiftPackageReference section */
		4C58BC6C2838EC9800438188 /* XCRemoteSwiftPackageReference "SwiftSoup" */ = {
			isa = XCRemoteSwiftPackageReference;
			repositoryURL = "https://github.com/scinfu/SwiftSoup";
			requirement = {
				branch = master;
				kind = branch;
			};
		};
/* End XCRemoteSwiftPackageReference section */

/* Begin XCSwiftPackageProductDependency section */
		4C58BC6D2838EC9800438188 /* SwiftSoup */ = {
			isa = XCSwiftPackageProductDependency;
			package = 4C58BC6C2838EC9800438188 /* XCRemoteSwiftPackageReference "SwiftSoup" */;
			productName = SwiftSoup;
		};
/* End XCSwiftPackageProductDependency section */
	};
	rootObject = 4C58BC502838E95100438188 /* Project object */;
}
